
Microsoft Visual Studio Solution File, Format Version 12.00
# Visual Studio Version 17
VisualStudioVersion = 17.4.33110.190
MinimumVisualStudioVersion = 10.0.40219.1
Project("{FAE04EC0-301F-11D3-BF4B-00C04F79EFBC}") = "Analyzer1", "Analyzer1\Analyzer1\Analyzer1.csproj", "{94C3E3CD-596B-453A-927B-71D62DA96AFA}"
EndProject
Project("{FAE04EC0-301F-11D3-BF4B-00C04F79EFBC}") = "Analyzer1.CodeFixes", "Analyzer1\Analyzer1.CodeFixes\Analyzer1.CodeFixes.csproj", "{FB0A5C90-CBBF-459B-8CED-C1C3262CEFA3}"
EndProject
Project("{FAE04EC0-301F-11D3-BF4B-00C04F79EFBC}") = "Analyzer1.Package", "Analyzer1\Analyzer1.Package\Analyzer1.Package.csproj", "{B4A0E27D-A182-4714-8752-5C8E8FF16E05}"
EndProject
Project("{FAE04EC0-301F-11D3-BF4B-00C04F79EFBC}") = "Analyzer1.Test", "Analyzer1\Analyzer1.Test\Analyzer1.Test.csproj", "{0FF99052-05FC-458B-8A76-982E8873F0C3}"
EndProject
Project("{FAE04EC0-301F-11D3-BF4B-00C04F79EFBC}") = "Analyzer1.Vsix", "Analyzer1\Analyzer1.Vsix\Analyzer1.Vsix.csproj", "{B5C92D4B-AEE8-48DE-8AA8-50602739FA7F}"
EndProject
Global
	GlobalSection(SolutionConfigurationPlatforms) = preSolution
		Debug|Any CPU = Debug|Any CPU
		Release|Any CPU = Release|Any CPU
	EndGlobalSection
	GlobalSection(ProjectConfigurationPlatforms) = postSolution
		{94C3E3CD-596B-453A-927B-71D62DA96AFA}.Debug|Any CPU.ActiveCfg = Debug|Any CPU
		{94C3E3CD-596B-453A-927B-71D62DA96AFA}.Debug|Any CPU.Build.0 = Debug|Any CPU
		{94C3E3CD-596B-453A-927B-71D62DA96AFA}.Release|Any CPU.ActiveCfg = Release|Any CPU
		{94C3E3CD-596B-453A-927B-71D62DA96AFA}.Release|Any CPU.Build.0 = Release|Any CPU
		{FB0A5C90-CBBF-459B-8CED-C1C3262CEFA3}.Debug|Any CPU.ActiveCfg = Debug|Any CPU
		{FB0A5C90-CBBF-459B-8CED-C1C3262CEFA3}.Debug|Any CPU.Build.0 = Debug|Any CPU
		{FB0A5C90-CBBF-459B-8CED-C1C3262CEFA3}.Release|Any CPU.ActiveCfg = Release|Any CPU
		{FB0A5C90-CBBF-459B-8CED-C1C3262CEFA3}.Release|Any CPU.Build.0 = Release|Any CPU
		{B4A0E27D-A182-4714-8752-5C8E8FF16E05}.Debug|Any CPU.ActiveCfg = Debug|Any CPU
		{B4A0E27D-A182-4714-8752-5C8E8FF16E05}.Debug|Any CPU.Build.0 = Debug|Any CPU
		{B4A0E27D-A182-4714-8752-5C8E8FF16E05}.Release|Any CPU.ActiveCfg = Release|Any CPU
		{B4A0E27D-A182-4714-8752-5C8E8FF16E05}.Release|Any CPU.Build.0 = Release|Any CPU
		{0FF99052-05FC-458B-8A76-982E8873F0C3}.Debug|Any CPU.ActiveCfg = Debug|Any CPU
		{0FF99052-05FC-458B-8A76-982E8873F0C3}.Debug|Any CPU.Build.0 = Debug|Any CPU
		{0FF99052-05FC-458B-8A76-982E8873F0C3}.Release|Any CPU.ActiveCfg = Release|Any CPU
		{0FF99052-05FC-458B-8A76-982E8873F0C3}.Release|Any CPU.Build.0 = Release|Any CPU
		{B5C92D4B-AEE8-48DE-8AA8-50602739FA7F}.Debug|Any CPU.ActiveCfg = Debug|Any CPU
		{B5C92D4B-AEE8-48DE-8AA8-50602739FA7F}.Debug|Any CPU.Build.0 = Debug|Any CPU
		{B5C92D4B-AEE8-48DE-8AA8-50602739FA7F}.Release|Any CPU.ActiveCfg = Release|Any CPU
		{B5C92D4B-AEE8-48DE-8AA8-50602739FA7F}.Release|Any CPU.Build.0 = Release|Any CPU
	EndGlobalSection
	GlobalSection(SolutionProperties) = preSolution
		HideSolutionNode = FALSE
	EndGlobalSection
	GlobalSection(ExtensibilityGlobals) = postSolution
		SolutionGuid = {287ACEF0-A01E-4443-8E29-80EA8CAC4938}
	EndGlobalSection
EndGlobal
